
Microsoft Visual Studio Solution File, Format Version 12.00
# Visual Studio Version 17
VisualStudioVersion = 17.9.34728.123
MinimumVisualStudioVersion = 10.0.40219.1
Project("{FAE04EC0-301F-11D3-BF4B-00C04F79EFBC}") = "ConsoleApp1", "ConsoleApp1\ConsoleApp1.csproj", "{87F3AA8A-7E1E-47F3-9573-CB49950394B0}"
EndProject
Project("{2150E333-8FDC-42A3-9474-1A3956D46DE8}") = "02", "02", "{9E9E4443-DF39-4D55-BF7E-F7E0E1719A93}"
EndProject
Project("{FAE04EC0-301F-11D3-BF4B-00C04F79EFBC}") = "ConsoleApp02.Ejercicio", "ConsoleApp02.Ejercicio\ConsoleApp02.Ejercicio.csproj", "{802EB4C7-BE45-4B56-909D-4957A0B88D83}"
EndProject
Project("{2150E333-8FDC-42A3-9474-1A3956D46DE8}") = "03", "03", "{08AD63CC-08BD-4E65-A7B2-AEEE2115EBE9}"
EndProject
Project("{FAE04EC0-301F-11D3-BF4B-00C04F79EFBC}") = "ConsoleApp03", "ConsoleApp03\ConsoleApp03.csproj", "{4B814801-3C90-43B7-A202-329348689A0A}"
EndProject
Project("{2150E333-8FDC-42A3-9474-1A3956D46DE8}") = "04", "04", "{50C0BF5A-CBA4-4450-A53C-8FA83036FA98}"
EndProject
Project("{FAE04EC0-301F-11D3-BF4B-00C04F79EFBC}") = "ConsoleApp04", "ConsoleApp04\ConsoleApp04.csproj", "{C639D86C-8506-4637-B8EF-51EDBF0BB4AE}"
EndProject
Global
	GlobalSection(SolutionConfigurationPlatforms) = preSolution
		Debug|Any CPU = Debug|Any CPU
		Release|Any CPU = Release|Any CPU
	EndGlobalSection
	GlobalSection(ProjectConfigurationPlatforms) = postSolution
		{87F3AA8A-7E1E-47F3-9573-CB49950394B0}.Debug|Any CPU.ActiveCfg = Debug|Any CPU
		{87F3AA8A-7E1E-47F3-9573-CB49950394B0}.Debug|Any CPU.Build.0 = Debug|Any CPU
		{87F3AA8A-7E1E-47F3-9573-CB49950394B0}.Release|Any CPU.ActiveCfg = Release|Any CPU
		{87F3AA8A-7E1E-47F3-9573-CB49950394B0}.Release|Any CPU.Build.0 = Release|Any CPU
		{802EB4C7-BE45-4B56-909D-4957A0B88D83}.Debug|Any CPU.ActiveCfg = Debug|Any CPU
		{802EB4C7-BE45-4B56-909D-4957A0B88D83}.Debug|Any CPU.Build.0 = Debug|Any CPU
		{802EB4C7-BE45-4B56-909D-4957A0B88D83}.Release|Any CPU.ActiveCfg = Release|Any CPU
		{802EB4C7-BE45-4B56-909D-4957A0B88D83}.Release|Any CPU.Build.0 = Release|Any CPU
		{4B814801-3C90-43B7-A202-329348689A0A}.Debug|Any CPU.ActiveCfg = Debug|Any CPU
		{4B814801-3C90-43B7-A202-329348689A0A}.Debug|Any CPU.Build.0 = Debug|Any CPU
		{4B814801-3C90-43B7-A202-329348689A0A}.Release|Any CPU.ActiveCfg = Release|Any CPU
		{4B814801-3C90-43B7-A202-329348689A0A}.Release|Any CPU.Build.0 = Release|Any CPU
		{C639D86C-8506-4637-B8EF-51EDBF0BB4AE}.Debug|Any CPU.ActiveCfg = Debug|Any CPU
		{C639D86C-8506-4637-B8EF-51EDBF0BB4AE}.Debug|Any CPU.Build.0 = Debug|Any CPU
		{C639D86C-8506-4637-B8EF-51EDBF0BB4AE}.Release|Any CPU.ActiveCfg = Release|Any CPU
		{C639D86C-8506-4637-B8EF-51EDBF0BB4AE}.Release|Any CPU.Build.0 = Release|Any CPU
	EndGlobalSection
	GlobalSection(SolutionProperties) = preSolution
		HideSolutionNode = FALSE
	EndGlobalSection
	GlobalSection(NestedProjects) = preSolution
		{802EB4C7-BE45-4B56-909D-4957A0B88D83} = {9E9E4443-DF39-4D55-BF7E-F7E0E1719A93}
		{4B814801-3C90-43B7-A202-329348689A0A} = {08AD63CC-08BD-4E65-A7B2-AEEE2115EBE9}
		{C639D86C-8506-4637-B8EF-51EDBF0BB4AE} = {50C0BF5A-CBA4-4450-A53C-8FA83036FA98}
	EndGlobalSection
	GlobalSection(ExtensibilityGlobals) = postSolution
		SolutionGuid = {A0580573-59A5-4A0E-B24A-66F3BFF0A842}
	EndGlobalSection
EndGlobal
